
Microsoft Visual Studio Solution File, Format Version 12.00
# Visual Studio Version 17
VisualStudioVersion = 17.13.35931.197 d17.13
MinimumVisualStudioVersion = 10.0.40219.1
Project("{FAE04EC0-301F-11D3-BF4B-00C04F79EFBC}") = "demo-duan", "demo-duan\demo-duan.csproj", "{4123AF4E-D717-43A0-8686-92C44E5DCA49}"
EndProject
Global
	GlobalSection(SolutionConfigurationPlatforms) = preSolution
		Debug|Any CPU = Debug|Any CPU
		Release|Any CPU = Release|Any CPU
	EndGlobalSection
	GlobalSection(ProjectConfigurationPlatforms) = postSolution
		{4123AF4E-D717-43A0-8686-92C44E5DCA49}.Debug|Any CPU.ActiveCfg = Debug|Any CPU
		{4123AF4E-D717-43A0-8686-92C44E5DCA49}.Debug|Any CPU.Build.0 = Debug|Any CPU
		{4123AF4E-D717-43A0-8686-92C44E5DCA49}.Release|Any CPU.ActiveCfg = Release|Any CPU
		{4123AF4E-D717-43A0-8686-92C44E5DCA49}.Release|Any CPU.Build.0 = Release|Any CPU
	EndGlobalSection
	GlobalSection(SolutionProperties) = preSolution
		HideSolutionNode = FALSE
	EndGlobalSection
	GlobalSection(ExtensibilityGlobals) = postSolution
		SolutionGuid = {D693EAF4-9074-43B2-91E2-4BC2CD102CCE}
	EndGlobalSection
EndGlobal
